
Microsoft Visual Studio Solution File, Format Version 12.00
# Visual Studio Version 16
VisualStudioVersion = 16.0.29728.190
MinimumVisualStudioVersion = 10.0.40219.1
Project("{FAE04EC0-301F-11D3-BF4B-00C04F79EFBC}") = "SistemaNotas", "SistemaNotas\SistemaNotas.csproj", "{0F0DFBD0-22F0-446A-9F89-2C097EC29128}"
EndProject
Global
	GlobalSection(SolutionConfigurationPlatforms) = preSolution
		Debug|Any CPU = Debug|Any CPU
		Release|Any CPU = Release|Any CPU
	EndGlobalSection
	GlobalSection(ProjectConfigurationPlatforms) = postSolution
		{0F0DFBD0-22F0-446A-9F89-2C097EC29128}.Debug|Any CPU.ActiveCfg = Debug|Any CPU
		{0F0DFBD0-22F0-446A-9F89-2C097EC29128}.Debug|Any CPU.Build.0 = Debug|Any CPU
		{0F0DFBD0-22F0-446A-9F89-2C097EC29128}.Release|Any CPU.ActiveCfg = Release|Any CPU
		{0F0DFBD0-22F0-446A-9F89-2C097EC29128}.Release|Any CPU.Build.0 = Release|Any CPU
	EndGlobalSection
	GlobalSection(SolutionProperties) = preSolution
		HideSolutionNode = FALSE
	EndGlobalSection
	GlobalSection(ExtensibilityGlobals) = postSolution
		SolutionGuid = {A838C5BB-4358-4DE6-9C8B-C9126A64164F}
	EndGlobalSection
EndGlobal
